<?xml version="1.0" encoding="utf-8"?>
<Project ToolsVersion="4.0" xmlns="http://schemas.microsoft.com/developer/msbuild/2003">
  <ItemGroup>
    <Filter Include="源文件">
      <UniqueIdentifier>{4FC737F1-C7A5-4376-A066-2A32D752A2FF}</UniqueIdentifier>
      <Extensions>cpp;c;cc;cxx;c++;cppm;ixx;def;odl;idl;hpj;bat;asm;asmx</Extensions>
    </Filter>
    <Filter Include="头文件">
      <UniqueIdentifier>{93995380-89BD-4b04-88EB-625FBE52EBFB}</UniqueIdentifier>
      <Extensions>h;hh;hpp;hxx;h++;hm;inl;inc;ipp;xsd</Extensions>
    </Filter>
    <Filter Include="资源文件">
      <UniqueIdentifier>{67DA6AB6-F800-4c08-8B7A-83BB121AAD01}</UniqueIdentifier>
      <Extensions>rc;ico;cur;bmp;dlg;rc2;rct;bin;rgs;gif;jpg;jpeg;jpe;resx;tiff;tif;png;wav;mfcribbon-ms</Extensions>
    </Filter>
    <Filter Include="头文件\stl_allocator">
      <UniqueIdentifier>{54cf497a-9345-4230-9a73-b9c23d5ec79e}</UniqueIdentifier>
    </Filter>
    <Filter Include="头文件\stl_allocator\__alloc_template">
      <UniqueIdentifier>{4912e96a-70ec-471b-96f2-9c7e16c807a2}</UniqueIdentifier>
    </Filter>
    <Filter Include="头文件\stl_tool">
      <UniqueIdentifier>{b3b08e5a-768f-4583-9214-90b2d97a421d}</UniqueIdentifier>
    </Filter>
    <Filter Include="头文件\containers">
      <UniqueIdentifier>{42c0ee98-5798-45f9-b716-a5b4a339f900}</UniqueIdentifier>
    </Filter>
    <Filter Include="头文件\containers\A">
      <UniqueIdentifier>{cd96f3d1-26d9-4564-82a8-24a90bf10336}</UniqueIdentifier>
    </Filter>
  </ItemGroup>
  <ItemGroup>
    <ClInclude Include="Project\include\stl_alloc.h">
      <Filter>头文件\stl_allocator</Filter>
    </ClInclude>
    <ClInclude Include="Project\include\stl_construct.h">
      <Filter>头文件\stl_allocator</Filter>
    </ClInclude>
    <ClInclude Include="Project\include\__alloc_template\__default_alloc_template.h">
      <Filter>头文件\stl_allocator\__alloc_template</Filter>
    </ClInclude>
    <ClInclude Include="Project\include\__alloc_template\__malloc_alloc_template.h">
      <Filter>头文件\stl_allocator\__alloc_template</Filter>
    </ClInclude>
    <ClInclude Include="Project\include\stl_iterator.h">
      <Filter>头文件\stl_tool</Filter>
    </ClInclude>
    <ClInclude Include="Project\include\stl_uninitialized.h">
      <Filter>头文件\stl_tool</Filter>
    </ClInclude>
    <ClInclude Include="Project\include\type_traits.h">
      <Filter>头文件\stl_tool</Filter>
    </ClInclude>
    <ClInclude Include="Project\include\vector.h">
      <Filter>头文件\containers\A</Filter>
    </ClInclude>
    <ClInclude Include="Project\include\list.h">
      <Filter>头文件\containers\A</Filter>
    </ClInclude>
    <ClInclude Include="Project\include\deque.h">
      <Filter>头文件\containers\A</Filter>
    </ClInclude>
    <ClInclude Include="Project\include\stack.h">
      <Filter>头文件\containers\A</Filter>
    </ClInclude>
    <ClInclude Include="Project\include\queue.h">
      <Filter>头文件\containers\A</Filter>
    </ClInclude>
  </ItemGroup>
  <ItemGroup>
    <ClCompile Include="Project\src\main.cpp">
      <Filter>源文件</Filter>
    </ClCompile>
  </ItemGroup>
</Project>